// !$*UTF8*$!
{
	archiveVersion = 1;
	classes = {
	};
	objectVersion = 50;
	objects = {

/* Begin PBXBuildFile section */
		6939DD31211B95B900131CAB /* CalcViewController.swift in Sources */ = {isa = PBXBuildFile; fileRef = 6939DD30211B95B900131CAB /* CalcViewController.swift */; };
		6939DD33211C96EA00131CAB /* AddAssignmentsViewController.swift in Sources */ = {isa = PBXBuildFile; fileRef = 6939DD32211C96EA00131CAB /* AddAssignmentsViewController.swift */; };
		6939DD35211CC8DD00131CAB /* CompleteHomeworkViewController.swift in Sources */ = {isa = PBXBuildFile; fileRef = 6939DD34211CC8DD00131CAB /* CompleteHomeworkViewController.swift */; };
		6939DD37211CE58200131CAB /* TimerViewController.swift in Sources */ = {isa = PBXBuildFile; fileRef = 6939DD36211CE58200131CAB /* TimerViewController.swift */; };
		69515E79211B64CA00FB357B /* AppDelegate.swift in Sources */ = {isa = PBXBuildFile; fileRef = 69515E78211B64CA00FB357B /* AppDelegate.swift */; };
		69515E7B211B64CA00FB357B /* ViewController.swift in Sources */ = {isa = PBXBuildFile; fileRef = 69515E7A211B64CA00FB357B /* ViewController.swift */; };
		69515E7E211B64CA00FB357B /* Main.storyboard in Resources */ = {isa = PBXBuildFile; fileRef = 69515E7C211B64CA00FB357B /* Main.storyboard */; };
		69515E81211B64CA00FB357B /* finalProject.xcdatamodeld in Sources */ = {isa = PBXBuildFile; fileRef = 69515E7F211B64CA00FB357B /* finalProject.xcdatamodeld */; };
		69515E83211B64CD00FB357B /* Assets.xcassets in Resources */ = {isa = PBXBuildFile; fileRef = 69515E82211B64CD00FB357B /* Assets.xcassets */; };
		69515E86211B64CD00FB357B /* LaunchScreen.storyboard in Resources */ = {isa = PBXBuildFile; fileRef = 69515E84211B64CD00FB357B /* LaunchScreen.storyboard */; };
		69515E91211B64CD00FB357B /* finalProjectTests.swift in Sources */ = {isa = PBXBuildFile; fileRef = 69515E90211B64CD00FB357B /* finalProjectTests.swift */; };
		69515E9C211B64CD00FB357B /* finalProjectUITests.swift in Sources */ = {isa = PBXBuildFile; fileRef = 69515E9B211B64CD00FB357B /* finalProjectUITests.swift */; };
		69515EAA211B7ADA00FB357B /* HomeworkChecklistTableViewController.swift in Sources */ = {isa = PBXBuildFile; fileRef = 69515EA9211B7ADA00FB357B /* HomeworkChecklistTableViewController.swift */; };
		69515EAC211B7CEC00FB357B /* HomeworkChecklist.swift in Sources */ = {isa = PBXBuildFile; fileRef = 69515EAB211B7CEC00FB357B /* HomeworkChecklist.swift */; };
/* End PBXBuildFile section */

/* Begin PBXContainerItemProxy section */
		69515E8D211B64CD00FB357B /* PBXContainerItemProxy */ = {
			isa = PBXContainerItemProxy;
			containerPortal = 69515E6D211B64CA00FB357B /* Project object */;
			proxyType = 1;
			remoteGlobalIDString = 69515E74211B64CA00FB357B;
			remoteInfo = finalProject;
		};
		69515E98211B64CD00FB357B /* PBXContainerItemProxy */ = {
			isa = PBXContainerItemProxy;
			containerPortal = 69515E6D211B64CA00FB357B /* Project object */;
			proxyType = 1;
			remoteGlobalIDString = 69515E74211B64CA00FB357B;
			remoteInfo = finalProject;
		};
/* End PBXContainerItemProxy section */

/* Begin PBXFileReference section */
		6939DD30211B95B900131CAB /* CalcViewController.swift */ = {isa = PBXFileReference; lastKnownFileType = sourcecode.swift; path = CalcViewController.swift; sourceTree = "<group>"; };
		6939DD32211C96EA00131CAB /* AddAssignmentsViewController.swift */ = {isa = PBXFileReference; lastKnownFileType = sourcecode.swift; path = AddAssignmentsViewController.swift; sourceTree = "<group>"; };
		6939DD34211CC8DD00131CAB /* CompleteHomeworkViewController.swift */ = {isa = PBXFileReference; lastKnownFileType = sourcecode.swift; path = CompleteHomeworkViewController.swift; sourceTree = "<group>"; };
		6939DD36211CE58200131CAB /* TimerViewController.swift */ = {isa = PBXFileReference; lastKnownFileType = sourcecode.swift; path = TimerViewController.swift; sourceTree = "<group>"; };
		6939DD3B211DDC4200131CAB /* CrimsonText-Regular.ttf */ = {isa = PBXFileReference; lastKnownFileType = file; name = "CrimsonText-Regular.ttf"; path = "../../../../../../Downloads/Crimson_Text/CrimsonText-Regular.ttf"; sourceTree = "<group>"; };
		6939DD3C211DDC5400131CAB /* Montserrat-Bold.ttf */ = {isa = PBXFileReference; lastKnownFileType = file; name = "Montserrat-Bold.ttf"; path = "../../../../../../Downloads/Montserrat/Montserrat-Bold.ttf"; sourceTree = "<group>"; };
		69515E75211B64CA00FB357B /* finalProject.app */ = {isa = PBXFileReference; explicitFileType = wrapper.application; includeInIndex = 0; path = finalProject.app; sourceTree = BUILT_PRODUCTS_DIR; };
		69515E78211B64CA00FB357B /* AppDelegate.swift */ = {isa = PBXFileReference; lastKnownFileType = sourcecode.swift; path = AppDelegate.swift; sourceTree = "<group>"; };
		69515E7A211B64CA00FB357B /* ViewController.swift */ = {isa = PBXFileReference; lastKnownFileType = sourcecode.swift; path = ViewController.swift; sourceTree = "<group>"; };
		69515E7D211B64CA00FB357B /* Base */ = {isa = PBXFileReference; lastKnownFileType = file.storyboard; name = Base; path = Base.lproj/Main.storyboard; sourceTree = "<group>"; };
		69515E80211B64CA00FB357B /* finalProject.xcdatamodel */ = {isa = PBXFileReference; lastKnownFileType = wrapper.xcdatamodel; path = finalProject.xcdatamodel; sourceTree = "<group>"; };
		69515E82211B64CD00FB357B /* Assets.xcassets */ = {isa = PBXFileReference; lastKnownFileType = folder.assetcatalog; path = Assets.xcassets; sourceTree = "<group>"; };
		69515E85211B64CD00FB357B /* Base */ = {isa = PBXFileReference; lastKnownFileType = file.storyboard; name = Base; path = Base.lproj/LaunchScreen.storyboard; sourceTree = "<group>"; };
		69515E87211B64CD00FB357B /* Info.plist */ = {isa = PBXFileReference; lastKnownFileType = text.plist.xml; path = Info.plist; sourceTree = "<group>"; };
		69515E8C211B64CD00FB357B /* finalProjectTests.xctest */ = {isa = PBXFileReference; explicitFileType = wrapper.cfbundle; includeInIndex = 0; path = finalProjectTests.xctest; sourceTree = BUILT_PRODUCTS_DIR; };
		69515E90211B64CD00FB357B /* finalProjectTests.swift */ = {isa = PBXFileReference; lastKnownFileType = sourcecode.swift; path = finalProjectTests.swift; sourceTree = "<group>"; };
		69515E92211B64CD00FB357B /* Info.plist */ = {isa = PBXFileReference; lastKnownFileType = text.plist.xml; path = Info.plist; sourceTree = "<group>"; };
		69515E97211B64CD00FB357B /* finalProjectUITests.xctest */ = {isa = PBXFileReference; explicitFileType = wrapper.cfbundle; includeInIndex = 0; path = finalProjectUITests.xctest; sourceTree = BUILT_PRODUCTS_DIR; };
		69515E9B211B64CD00FB357B /* finalProjectUITests.swift */ = {isa = PBXFileReference; lastKnownFileType = sourcecode.swift; path = finalProjectUITests.swift; sourceTree = "<group>"; };
		69515E9D211B64CD00FB357B /* Info.plist */ = {isa = PBXFileReference; lastKnownFileType = text.plist.xml; path = Info.plist; sourceTree = "<group>"; };
		69515EA9211B7ADA00FB357B /* HomeworkChecklistTableViewController.swift */ = {isa = PBXFileReference; lastKnownFileType = sourcecode.swift; path = HomeworkChecklistTableViewController.swift; sourceTree = "<group>"; };
		69515EAB211B7CEC00FB357B /* HomeworkChecklist.swift */ = {isa = PBXFileReference; lastKnownFileType = sourcecode.swift; path = HomeworkChecklist.swift; sourceTree = "<group>"; };
/* End PBXFileReference section */

/* Begin PBXFrameworksBuildPhase section */
		69515E72211B64CA00FB357B /* Frameworks */ = {
			isa = PBXFrameworksBuildPhase;
			buildActionMask = 2147483647;
			files = (
			);
			runOnlyForDeploymentPostprocessing = 0;
		};
		69515E89211B64CD00FB357B /* Frameworks */ = {
			isa = PBXFrameworksBuildPhase;
			buildActionMask = 2147483647;
			files = (
			);
			runOnlyForDeploymentPostprocessing = 0;
		};
		69515E94211B64CD00FB357B /* Frameworks */ = {
			isa = PBXFrameworksBuildPhase;
			buildActionMask = 2147483647;
			files = (
			);
			runOnlyForDeploymentPostprocessing = 0;
		};
/* End PBXFrameworksBuildPhase section */

/* Begin PBXGroup section */
		6939DD38211DDC0500131CAB /* fonts */ = {
			isa = PBXGroup;
			children = (
				6939DD3B211DDC4200131CAB /* CrimsonText-Regular.ttf */,
				6939DD3C211DDC5400131CAB /* Montserrat-Bold.ttf */,
			);
			path = fonts;
			sourceTree = "<group>";
		};
		69515E6C211B64CA00FB357B = {
			isa = PBXGroup;
			children = (
				69515E77211B64CA00FB357B /* finalProject */,
				69515E8F211B64CD00FB357B /* finalProjectTests */,
				69515E9A211B64CD00FB357B /* finalProjectUITests */,
				69515E76211B64CA00FB357B /* Products */,
			);
			sourceTree = "<group>";
		};
		69515E76211B64CA00FB357B /* Products */ = {
			isa = PBXGroup;
			children = (
				69515E75211B64CA00FB357B /* finalProject.app */,
				69515E8C211B64CD00FB357B /* finalProjectTests.xctest */,
				69515E97211B64CD00FB357B /* finalProjectUITests.xctest */,
			);
			name = Products;
			sourceTree = "<group>";
		};
		69515E77211B64CA00FB357B /* finalProject */ = {
			isa = PBXGroup;
			children = (
				6939DD38211DDC0500131CAB /* fonts */,
				69515E78211B64CA00FB357B /* AppDelegate.swift */,
				69515E7A211B64CA00FB357B /* ViewController.swift */,
				69515E7C211B64CA00FB357B /* Main.storyboard */,
				6939DD36211CE58200131CAB /* TimerViewController.swift */,
				6939DD32211C96EA00131CAB /* AddAssignmentsViewController.swift */,
				6939DD34211CC8DD00131CAB /* CompleteHomeworkViewController.swift */,
				6939DD30211B95B900131CAB /* CalcViewController.swift */,
				69515EAB211B7CEC00FB357B /* HomeworkChecklist.swift */,
				69515EA9211B7ADA00FB357B /* HomeworkChecklistTableViewController.swift */,
				69515E82211B64CD00FB357B /* Assets.xcassets */,
				69515E84211B64CD00FB357B /* LaunchScreen.storyboard */,
				69515E87211B64CD00FB357B /* Info.plist */,
				69515E7F211B64CA00FB357B /* finalProject.xcdatamodeld */,
			);
			path = finalProject;
			sourceTree = "<group>";
		};
		69515E8F211B64CD00FB357B /* finalProjectTests */ = {
			isa = PBXGroup;
			children = (
				69515E90211B64CD00FB357B /* finalProjectTests.swift */,
				69515E92211B64CD00FB357B /* Info.plist */,
			);
			path = finalProjectTests;
			sourceTree = "<group>";
		};
		69515E9A211B64CD00FB357B /* finalProjectUITests */ = {
			isa = PBXGroup;
			children = (
				69515E9B211B64CD00FB357B /* finalProjectUITests.swift */,
				69515E9D211B64CD00FB357B /* Info.plist */,
			);
			path = finalProjectUITests;
			sourceTree = "<group>";
		};
/* End PBXGroup section */

/* Begin PBXNativeTarget section */
		69515E74211B64CA00FB357B /* finalProject */ = {
			isa = PBXNativeTarget;
			buildConfigurationList = 69515EA0211B64CD00FB357B /* Build configuration list for PBXNativeTarget "finalProject" */;
			buildPhases = (
				69515E71211B64CA00FB357B /* Sources */,
				69515E72211B64CA00FB357B /* Frameworks */,
				69515E73211B64CA00FB357B /* Resources */,
			);
			buildRules = (
			);
			dependencies = (
			);
			name = finalProject;
			productName = finalProject;
			productReference = 69515E75211B64CA00FB357B /* finalProject.app */;
			productType = "com.apple.product-type.application";
		};
		69515E8B211B64CD00FB357B /* finalProjectTests */ = {
			isa = PBXNativeTarget;
			buildConfigurationList = 69515EA3211B64CD00FB357B /* Build configuration list for PBXNativeTarget "finalProjectTests" */;
			buildPhases = (
				69515E88211B64CD00FB357B /* Sources */,
				69515E89211B64CD00FB357B /* Frameworks */,
				69515E8A211B64CD00FB357B /* Resources */,
			);
			buildRules = (
			);
			dependencies = (
				69515E8E211B64CD00FB357B /* PBXTargetDependency */,
			);
			name = finalProjectTests;
			productName = finalProjectTests;
			productReference = 69515E8C211B64CD00FB357B /* finalProjectTests.xctest */;
			productType = "com.apple.product-type.bundle.unit-test";
		};
		69515E96211B64CD00FB357B /* finalProjectUITests */ = {
			isa = PBXNativeTarget;
			buildConfigurationList = 69515EA6211B64CD00FB357B /* Build configuration list for PBXNativeTarget "finalProjectUITests" */;
			buildPhases = (
				69515E93211B64CD00FB357B /* Sources */,
				69515E94211B64CD00FB357B /* Frameworks */,
				69515E95211B64CD00FB357B /* Resources */,
			);
			buildRules = (
			);
			dependencies = (
				69515E99211B64CD00FB357B /* PBXTargetDependency */,
			);
			name = finalProjectUITests;
			productName = finalProjectUITests;
			productReference = 69515E97211B64CD00FB357B /* finalProjectUITests.xctest */;
			productType = "com.apple.product-type.bundle.ui-testing";
		};
/* End PBXNativeTarget section */

/* Begin PBXProject section */
		69515E6D211B64CA00FB357B /* Project object */ = {
			isa = PBXProject;
			attributes = {
				LastSwiftUpdateCheck = 0940;
				LastUpgradeCheck = 0940;
				ORGANIZATIONNAME = "London Bielicke";
				TargetAttributes = {
					69515E74211B64CA00FB357B = {
						CreatedOnToolsVersion = 9.4.1;
					};
					69515E8B211B64CD00FB357B = {
						CreatedOnToolsVersion = 9.4.1;
						TestTargetID = 69515E74211B64CA00FB357B;
					};
					69515E96211B64CD00FB357B = {
						CreatedOnToolsVersion = 9.4.1;
						TestTargetID = 69515E74211B64CA00FB357B;
					};
				};
			};
			buildConfigurationList = 69515E70211B64CA00FB357B /* Build configuration list for PBXProject "finalProject" */;
			compatibilityVersion = "Xcode 9.3";
			developmentRegion = en;
			hasScannedForEncodings = 0;
			knownRegions = (
				en,
				Base,
			);
			mainGroup = 69515E6C211B64CA00FB357B;
			productRefGroup = 69515E76211B64CA00FB357B /* Products */;
			projectDirPath = "";
			projectRoot = "";
			targets = (
				69515E74211B64CA00FB357B /* finalProject */,
				69515E8B211B64CD00FB357B /* finalProjectTests */,
				69515E96211B64CD00FB357B /* finalProjectUITests */,
			);
		};
/* End PBXProject section */

/* Begin PBXResourcesBuildPhase section */
		69515E73211B64CA00FB357B /* Resources */ = {
			isa = PBXResourcesBuildPhase;
			buildActionMask = 2147483647;
			files = (
				69515E86211B64CD00FB357B /* LaunchScreen.storyboard in Resources */,
				69515E83211B64CD00FB357B /* Assets.xcassets in Resources */,
				69515E7E211B64CA00FB357B /* Main.storyboard in Resources */,
			);
			runOnlyForDeploymentPostprocessing = 0;
		};
		69515E8A211B64CD00FB357B /* Resources */ = {
			isa = PBXResourcesBuildPhase;
			buildActionMask = 2147483647;
			files = (
			);
			runOnlyForDeploymentPostprocessing = 0;
		};
		69515E95211B64CD00FB357B /* Resources */ = {
			isa = PBXResourcesBuildPhase;
			buildActionMask = 2147483647;
			files = (
			);
			runOnlyForDeploymentPostprocessing = 0;
		};
/* End PBXResourcesBuildPhase section */

/* Begin PBXSourcesBuildPhase section */
		69515E71211B64CA00FB357B /* Sources */ = {
			isa = PBXSourcesBuildPhase;
			buildActionMask = 2147483647;
			files = (
				69515E7B211B64CA00FB357B /* ViewController.swift in Sources */,
				6939DD37211CE58200131CAB /* TimerViewController.swift in Sources */,
				6939DD31211B95B900131CAB /* CalcViewController.swift in Sources */,
				69515E81211B64CA00FB357B /* finalProject.xcdatamodeld in Sources */,
				6939DD35211CC8DD00131CAB /* CompleteHomeworkViewController.swift in Sources */,
				69515EAC211B7CEC00FB357B /* HomeworkChecklist.swift in Sources */,
				69515EAA211B7ADA00FB357B /* HomeworkChecklistTableViewController.swift in Sources */,
				6939DD33211C96EA00131CAB /* AddAssignmentsViewController.swift in Sources */,
				69515E79211B64CA00FB357B /* AppDelegate.swift in Sources */,
			);
			runOnlyForDeploymentPostprocessing = 0;
		};
		69515E88211B64CD00FB357B /* Sources */ = {
			isa = PBXSourcesBuildPhase;
			buildActionMask = 2147483647;
			files = (
				69515E91211B64CD00FB357B /* finalProjectTests.swift in Sources */,
			);
			runOnlyForDeploymentPostprocessing = 0;
		};
		69515E93211B64CD00FB357B /* Sources */ = {
			isa = PBXSourcesBuildPhase;
			buildActionMask = 2147483647;
			files = (
				69515E9C211B64CD00FB357B /* finalProjectUITests.swift in Sources */,
			);
			runOnlyForDeploymentPostprocessing = 0;
		};
/* End PBXSourcesBuildPhase section */

/* Begin PBXTargetDependency section */
		69515E8E211B64CD00FB357B /* PBXTargetDependency */ = {
			isa = PBXTargetDependency;
			target = 69515E74211B64CA00FB357B /* finalProject */;
			targetProxy = 69515E8D211B64CD00FB357B /* PBXContainerItemProxy */;
		};
		69515E99211B64CD00FB357B /* PBXTargetDependency */ = {
			isa = PBXTargetDependency;
			target = 69515E74211B64CA00FB357B /* finalProject */;
			targetProxy = 69515E98211B64CD00FB357B /* PBXContainerItemProxy */;
		};
/* End PBXTargetDependency section */

/* Begin PBXVariantGroup section */
		69515E7C211B64CA00FB357B /* Main.storyboard */ = {
			isa = PBXVariantGroup;
			children = (
				69515E7D211B64CA00FB357B /* Base */,
			);
			name = Main.storyboard;
			sourceTree = "<group>";
		};
		69515E84211B64CD00FB357B /* LaunchScreen.storyboard */ = {
			isa = PBXVariantGroup;
			children = (
				69515E85211B64CD00FB357B /* Base */,
			);
			name = LaunchScreen.storyboard;
			sourceTree = "<group>";
		};
/* End PBXVariantGroup section */

/* Begin XCBuildConfiguration section */
		69515E9E211B64CD00FB357B /* Debug */ = {
			isa = XCBuildConfiguration;
			buildSettings = {
				ALWAYS_SEARCH_USER_PATHS = NO;
				CLANG_ANALYZER_NONNULL = YES;
				CLANG_ANALYZER_NUMBER_OBJECT_CONVERSION = YES_AGGRESSIVE;
				CLANG_CXX_LANGUAGE_STANDARD = "gnu++14";
				CLANG_CXX_LIBRARY = "libc++";
				CLANG_ENABLE_MODULES = YES;
				CLANG_ENABLE_OBJC_ARC = YES;
				CLANG_ENABLE_OBJC_WEAK = YES;
				CLANG_WARN_BLOCK_CAPTURE_AUTORELEASING = YES;
				CLANG_WARN_BOOL_CONVERSION = YES;
				CLANG_WARN_COMMA = YES;
				CLANG_WARN_CONSTANT_CONVERSION = YES;
				CLANG_WARN_DEPRECATED_OBJC_IMPLEMENTATIONS = YES;
				CLANG_WARN_DIRECT_OBJC_ISA_USAGE = YES_ERROR;
				CLANG_WARN_DOCUMENTATION_COMMENTS = YES;
				CLANG_WARN_EMPTY_BODY = YES;
				CLANG_WARN_ENUM_CONVERSION = YES;
				CLANG_WARN_INFINITE_RECURSION = YES;
				CLANG_WARN_INT_CONVERSION = YES;
				CLANG_WARN_NON_LITERAL_NULL_CONVERSION = YES;
				CLANG_WARN_OBJC_IMPLICIT_RETAIN_SELF = YES;
				CLANG_WARN_OBJC_LITERAL_CONVERSION = YES;
				CLANG_WARN_OBJC_ROOT_CLASS = YES_ERROR;
				CLANG_WARN_RANGE_LOOP_ANALYSIS = YES;
				CLANG_WARN_STRICT_PROTOTYPES = YES;
				CLANG_WARN_SUSPICIOUS_MOVE = YES;
				CLANG_WARN_UNGUARDED_AVAILABILITY = YES_AGGRESSIVE;
				CLANG_WARN_UNREACHABLE_CODE = YES;
				CLANG_WARN__DUPLICATE_METHOD_MATCH = YES;
				CODE_SIGN_IDENTITY = "iPhone Developer";
				COPY_PHASE_STRIP = NO;
				DEBUG_INFORMATION_FORMAT = dwarf;
				ENABLE_STRICT_OBJC_MSGSEND = YES;
				ENABLE_TESTABILITY = YES;
				GCC_C_LANGUAGE_STANDARD = gnu11;
				GCC_DYNAMIC_NO_PIC = NO;
				GCC_NO_COMMON_BLOCKS = YES;
				GCC_OPTIMIZATION_LEVEL = 0;
				GCC_PREPROCESSOR_DEFINITIONS = (
					"DEBUG=1",
					"$(inherited)",
				);
				GCC_WARN_64_TO_32_BIT_CONVERSION = YES;
				GCC_WARN_ABOUT_RETURN_TYPE = YES_ERROR;
				GCC_WARN_UNDECLARED_SELECTOR = YES;
				GCC_WARN_UNINITIALIZED_AUTOS = YES_AGGRESSIVE;
				GCC_WARN_UNUSED_FUNCTION = YES;
				GCC_WARN_UNUSED_VARIABLE = YES;
				IPHONEOS_DEPLOYMENT_TARGET = 11.4;
				MTL_ENABLE_DEBUG_INFO = YES;
				ONLY_ACTIVE_ARCH = YES;
				SDKROOT = iphoneos;
				SWIFT_ACTIVE_COMPILATION_CONDITIONS = DEBUG;
				SWIFT_OPTIMIZATION_LEVEL = "-Onone";
			};
			name = Debug;
		};
		69515E9F211B64CD00FB357B /* Release */ = {
			isa = XCBuildConfiguration;
			buildSettings = {
				ALWAYS_SEARCH_USER_PATHS = NO;
				CLANG_ANALYZER_NONNULL = YES;
				CLANG_ANALYZER_NUMBER_OBJECT_CONVERSION = YES_AGGRESSIVE;
				CLANG_CXX_LANGUAGE_STANDARD = "gnu++14";
				CLANG_CXX_LIBRARY = "libc++";
				CLANG_ENABLE_MODULES = YES;
				CLANG_ENABLE_OBJC_ARC = YES;
				CLANG_ENABLE_OBJC_WEAK = YES;
				CLANG_WARN_BLOCK_CAPTURE_AUTORELEASING = YES;
				CLANG_WARN_BOOL_CONVERSION = YES;
				CLANG_WARN_COMMA = YES;
				CLANG_WARN_CONSTANT_CONVERSION = YES;
				CLANG_WARN_DEPRECATED_OBJC_IMPLEMENTATIONS = YES;
				CLANG_WARN_DIRECT_OBJC_ISA_USAGE = YES_ERROR;
				CLANG_WARN_DOCUMENTATION_COMMENTS = YES;
				CLANG_WARN_EMPTY_BODY = YES;
				CLANG_WARN_ENUM_CONVERSION = YES;
				CLANG_WARN_INFINITE_RECURSION = YES;
				CLANG_WARN_INT_CONVERSION = YES;
				CLANG_WARN_NON_LITERAL_NULL_CONVERSION = YES;
				CLANG_WARN_OBJC_IMPLICIT_RETAIN_SELF = YES;
				CLANG_WARN_OBJC_LITERAL_CONVERSION = YES;
				CLANG_WARN_OBJC_ROOT_CLASS = YES_ERROR;
				CLANG_WARN_RANGE_LOOP_ANALYSIS = YES;
				CLANG_WARN_STRICT_PROTOTYPES = YES;
				CLANG_WARN_SUSPICIOUS_MOVE = YES;
				CLANG_WARN_UNGUARDED_AVAILABILITY = YES_AGGRESSIVE;
				CLANG_WARN_UNREACHABLE_CODE = YES;
				CLANG_WARN__DUPLICATE_METHOD_MATCH = YES;
				CODE_SIGN_IDENTITY = "iPhone Developer";
				COPY_PHASE_STRIP = NO;
				DEBUG_INFORMATION_FORMAT = "dwarf-with-dsym";
				ENABLE_NS_ASSERTIONS = NO;
				ENABLE_STRICT_OBJC_MSGSEND = YES;
				GCC_C_LANGUAGE_STANDARD = gnu11;
				GCC_NO_COMMON_BLOCKS = YES;
				GCC_WARN_64_TO_32_BIT_CONVERSION = YES;
				GCC_WARN_ABOUT_RETURN_TYPE = YES_ERROR;
				GCC_WARN_UNDECLARED_SELECTOR = YES;
				GCC_WARN_UNINITIALIZED_AUTOS = YES_AGGRESSIVE;
				GCC_WARN_UNUSED_FUNCTION = YES;
				GCC_WARN_UNUSED_VARIABLE = YES;
				IPHONEOS_DEPLOYMENT_TARGET = 11.4;
				MTL_ENABLE_DEBUG_INFO = NO;
				SDKROOT = iphoneos;
				SWIFT_COMPILATION_MODE = wholemodule;
				SWIFT_OPTIMIZATION_LEVEL = "-O";
				VALIDATE_PRODUCT = YES;
			};
			name = Release;
		};
		69515EA1211B64CD00FB357B /* Debug */ = {
			isa = XCBuildConfiguration;
			buildSettings = {
				ASSETCATALOG_COMPILER_APPICON_NAME = AppIcon;
				CODE_SIGN_STYLE = Automatic;
				DEVELOPMENT_TEAM = MD4YF5LGP9;
				INFOPLIST_FILE = finalProject/Info.plist;
				LD_RUNPATH_SEARCH_PATHS = (
					"$(inherited)",
					"@executable_path/Frameworks",
				);
				PRODUCT_BUNDLE_IDENTIFIER = "kode-with-klossy.finalProject";
				PRODUCT_NAME = "$(TARGET_NAME)";
				SWIFT_VERSION = 4.0;
				TARGETED_DEVICE_FAMILY = "1,2";
			};
			name = Debug;
		};
		69515EA2211B64CD00FB357B /* Release */ = {
			isa = XCBuildConfiguration;
			buildSettings = {
				ASSETCATALOG_COMPILER_APPICON_NAME = AppIcon;
				CODE_SIGN_STYLE = Automatic;
				DEVELOPMENT_TEAM = MD4YF5LGP9;
				INFOPLIST_FILE = finalProject/Info.plist;
				LD_RUNPATH_SEARCH_PATHS = (
					"$(inherited)",
					"@executable_path/Frameworks",
				);
				PRODUCT_BUNDLE_IDENTIFIER = "kode-with-klossy.finalProject";
				PRODUCT_NAME = "$(TARGET_NAME)";
				SWIFT_VERSION = 4.0;
				TARGETED_DEVICE_FAMILY = "1,2";
			};
			name = Release;
		};
		69515EA4211B64CD00FB357B /* Debug */ = {
			isa = XCBuildConfiguration;
			buildSettings = {
				ALWAYS_EMBED_SWIFT_STANDARD_LIBRARIES = YES;
				BUNDLE_LOADER = "$(TEST_HOST)";
				CODE_SIGN_STYLE = Automatic;
				INFOPLIST_FILE = finalProjectTests/Info.plist;
				LD_RUNPATH_SEARCH_PATHS = (
					"$(inherited)",
					"@executable_path/Frameworks",
					"@loader_path/Frameworks",
				);
				PRODUCT_BUNDLE_IDENTIFIER = "kode-with-klossy.finalProjectTests";
				PRODUCT_NAME = "$(TARGET_NAME)";
				SWIFT_VERSION = 4.0;
				TARGETED_DEVICE_FAMILY = "1,2";
				TEST_HOST = "$(BUILT_PRODUCTS_DIR)/finalProject.app/finalProject";
			};
			name = Debug;
		};
		69515EA5211B64CD00FB357B /* Release */ = {
			isa = XCBuildConfiguration;
			buildSettings = {
				ALWAYS_EMBED_SWIFT_STANDARD_LIBRARIES = YES;
				BUNDLE_LOADER = "$(TEST_HOST)";
				CODE_SIGN_STYLE = Automatic;
				INFOPLIST_FILE = finalProjectTests/Info.plist;
				LD_RUNPATH_SEARCH_PATHS = (
					"$(inherited)",
					"@executable_path/Frameworks",
					"@loader_path/Frameworks",
				);
				PRODUCT_BUNDLE_IDENTIFIER = "kode-with-klossy.finalProjectTests";
				PRODUCT_NAME = "$(TARGET_NAME)";
				SWIFT_VERSION = 4.0;
				TARGETED_DEVICE_FAMILY = "1,2";
				TEST_HOST = "$(BUILT_PRODUCTS_DIR)/finalProject.app/finalProject";
			};
			name = Release;
		};
		69515EA7211B64CD00FB357B /* Debug */ = {
			isa = XCBuildConfiguration;
			buildSettings = {
				ALWAYS_EMBED_SWIFT_STANDARD_LIBRARIES = YES;
				CODE_SIGN_STYLE = Automatic;
				INFOPLIST_FILE = finalProjectUITests/Info.plist;
				LD_RUNPATH_SEARCH_PATHS = (
					"$(inherited)",
					"@executable_path/Frameworks",
					"@loader_path/Frameworks",
				);
				PRODUCT_BUNDLE_IDENTIFIER = "kode-with-klossy.finalProjectUITests";
				PRODUCT_NAME = "$(TARGET_NAME)";
				SWIFT_VERSION = 4.0;
				TARGETED_DEVICE_FAMILY = "1,2";
				TEST_TARGET_NAME = finalProject;
			};
			name = Debug;
		};
		69515EA8211B64CD00FB357B /* Release */ = {
			isa = XCBuildConfiguration;
			buildSettings = {
				ALWAYS_EMBED_SWIFT_STANDARD_LIBRARIES = YES;
				CODE_SIGN_STYLE = Automatic;
				INFOPLIST_FILE = finalProjectUITests/Info.plist;
				LD_RUNPATH_SEARCH_PATHS = (
					"$(inherited)",
					"@executable_path/Frameworks",
					"@loader_path/Frameworks",
				);
				PRODUCT_BUNDLE_IDENTIFIER = "kode-with-klossy.finalProjectUITests";
				PRODUCT_NAME = "$(TARGET_NAME)";
				SWIFT_VERSION = 4.0;
				TARGETED_DEVICE_FAMILY = "1,2";
				TEST_TARGET_NAME = finalProject;
			};
			name = Release;
		};
/* End XCBuildConfiguration section */

/* Begin XCConfigurationList section */
		69515E70211B64CA00FB357B /* Build configuration list for PBXProject "finalProject" */ = {
			isa = XCConfigurationList;
			buildConfigurations = (
				69515E9E211B64CD00FB357B /* Debug */,
				69515E9F211B64CD00FB357B /* Release */,
			);
			defaultConfigurationIsVisible = 0;
			defaultConfigurationName = Release;
		};
		69515EA0211B64CD00FB357B /* Build configuration list for PBXNativeTarget "finalProject" */ = {
			isa = XCConfigurationList;
			buildConfigurations = (
				69515EA1211B64CD00FB357B /* Debug */,
				69515EA2211B64CD00FB357B /* Release */,
			);
			defaultConfigurationIsVisible = 0;
			defaultConfigurationName = Release;
		};
		69515EA3211B64CD00FB357B /* Build configuration list for PBXNativeTarget "finalProjectTests" */ = {
			isa = XCConfigurationList;
			buildConfigurations = (
				69515EA4211B64CD00FB357B /* Debug */,
				69515EA5211B64CD00FB357B /* Release */,
			);
			defaultConfigurationIsVisible = 0;
			defaultConfigurationName = Release;
		};
		69515EA6211B64CD00FB357B /* Build configuration list for PBXNativeTarget "finalProjectUITests" */ = {
			isa = XCConfigurationList;
			buildConfigurations = (
				69515EA7211B64CD00FB357B /* Debug */,
				69515EA8211B64CD00FB357B /* Release */,
			);
			defaultConfigurationIsVisible = 0;
			defaultConfigurationName = Release;
		};
/* End XCConfigurationList section */

/* Begin XCVersionGroup section */
		69515E7F211B64CA00FB357B /* finalProject.xcdatamodeld */ = {
			isa = XCVersionGroup;
			children = (
				69515E80211B64CA00FB357B /* finalProject.xcdatamodel */,
			);
			currentVersion = 69515E80211B64CA00FB357B /* finalProject.xcdatamodel */;
			path = finalProject.xcdatamodeld;
			sourceTree = "<group>";
			versionGroupType = wrapper.xcdatamodel;
		};
/* End XCVersionGroup section */
	};
	rootObject = 69515E6D211B64CA00FB357B /* Project object */;
}
